// !$*UTF8*$!
{
	archiveVersion = 1;
	classes = {
	};
	objectVersion = 56;
	objects = {

/* Begin PBXBuildFile section */
		DD6F7AF22ADC062E006C1F7F /* AppDelegate.swift in Sources */ = {isa = PBXBuildFile; fileRef = DD6F7AF12ADC062E006C1F7F /* AppDelegate.swift */; };
		DD6F7AF42ADC062E006C1F7F /* SceneDelegate.swift in Sources */ = {isa = PBXBuildFile; fileRef = DD6F7AF32ADC062E006C1F7F /* SceneDelegate.swift */; };
		DD6F7AF62ADC062E006C1F7F /* ViewController.swift in Sources */ = {isa = PBXBuildFile; fileRef = DD6F7AF52ADC062E006C1F7F /* ViewController.swift */; };
		DD6F7AF92ADC062E006C1F7F /* Main.storyboard in Resources */ = {isa = PBXBuildFile; fileRef = DD6F7AF72ADC062E006C1F7F /* Main.storyboard */; };
		DD6F7AFB2ADC0630006C1F7F /* Assets.xcassets in Resources */ = {isa = PBXBuildFile; fileRef = DD6F7AFA2ADC0630006C1F7F /* Assets.xcassets */; };
		DD6F7AFE2ADC0630006C1F7F /* LaunchScreen.storyboard in Resources */ = {isa = PBXBuildFile; fileRef = DD6F7AFC2ADC0630006C1F7F /* LaunchScreen.storyboard */; };
		DD6F7B092ADC0630006C1F7F /* SliderQTests.swift in Sources */ = {isa = PBXBuildFile; fileRef = DD6F7B082ADC0630006C1F7F /* SliderQTests.swift */; };
		DD6F7B132ADC0630006C1F7F /* SliderQUITests.swift in Sources */ = {isa = PBXBuildFile; fileRef = DD6F7B122ADC0630006C1F7F /* SliderQUITests.swift */; };
		DD6F7B152ADC0630006C1F7F /* SliderQUITestsLaunchTests.swift in Sources */ = {isa = PBXBuildFile; fileRef = DD6F7B142ADC0630006C1F7F /* SliderQUITestsLaunchTests.swift */; };
/* End PBXBuildFile section */

/* Begin PBXContainerItemProxy section */
		DD6F7B052ADC0630006C1F7F /* PBXContainerItemProxy */ = {
			isa = PBXContainerItemProxy;
			containerPortal = DD6F7AE62ADC062E006C1F7F /* Project object */;
			proxyType = 1;
			remoteGlobalIDString = DD6F7AED2ADC062E006C1F7F;
			remoteInfo = SliderQ;
		};
		DD6F7B0F2ADC0630006C1F7F /* PBXContainerItemProxy */ = {
			isa = PBXContainerItemProxy;
			containerPortal = DD6F7AE62ADC062E006C1F7F /* Project object */;
			proxyType = 1;
			remoteGlobalIDString = DD6F7AED2ADC062E006C1F7F;
			remoteInfo = SliderQ;
		};
/* End PBXContainerItemProxy section */

/* Begin PBXFileReference section */
		DD6F7AEE2ADC062E006C1F7F /* SliderQ.app */ = {isa = PBXFileReference; explicitFileType = wrapper.application; includeInIndex = 0; path = SliderQ.app; sourceTree = BUILT_PRODUCTS_DIR; };
		DD6F7AF12ADC062E006C1F7F /* AppDelegate.swift */ = {isa = PBXFileReference; lastKnownFileType = sourcecode.swift; path = AppDelegate.swift; sourceTree = "<group>"; };
		DD6F7AF32ADC062E006C1F7F /* SceneDelegate.swift */ = {isa = PBXFileReference; lastKnownFileType = sourcecode.swift; path = SceneDelegate.swift; sourceTree = "<group>"; };
		DD6F7AF52ADC062E006C1F7F /* ViewController.swift */ = {isa = PBXFileReference; lastKnownFileType = sourcecode.swift; path = ViewController.swift; sourceTree = "<group>"; };
		DD6F7AF82ADC062E006C1F7F /* Base */ = {isa = PBXFileReference; lastKnownFileType = file.storyboard; name = Base; path = Base.lproj/Main.storyboard; sourceTree = "<group>"; };
		DD6F7AFA2ADC0630006C1F7F /* Assets.xcassets */ = {isa = PBXFileReference; lastKnownFileType = folder.assetcatalog; path = Assets.xcassets; sourceTree = "<group>"; };
		DD6F7AFD2ADC0630006C1F7F /* Base */ = {isa = PBXFileReference; lastKnownFileType = file.storyboard; name = Base; path = Base.lproj/LaunchScreen.storyboard; sourceTree = "<group>"; };
		DD6F7AFF2ADC0630006C1F7F /* Info.plist */ = {isa = PBXFileReference; lastKnownFileType = text.plist.xml; path = Info.plist; sourceTree = "<group>"; };
		DD6F7B042ADC0630006C1F7F /* SliderQTests.xctest */ = {isa = PBXFileReference; explicitFileType = wrapper.cfbundle; includeInIndex = 0; path = SliderQTests.xctest; sourceTree = BUILT_PRODUCTS_DIR; };
		DD6F7B082ADC0630006C1F7F /* SliderQTests.swift */ = {isa = PBXFileReference; lastKnownFileType = sourcecode.swift; path = SliderQTests.swift; sourceTree = "<group>"; };
		DD6F7B0E2ADC0630006C1F7F /* SliderQUITests.xctest */ = {isa = PBXFileReference; explicitFileType = wrapper.cfbundle; includeInIndex = 0; path = SliderQUITests.xctest; sourceTree = BUILT_PRODUCTS_DIR; };
		DD6F7B122ADC0630006C1F7F /* SliderQUITests.swift */ = {isa = PBXFileReference; lastKnownFileType = sourcecode.swift; path = SliderQUITests.swift; sourceTree = "<group>"; };
		DD6F7B142ADC0630006C1F7F /* SliderQUITestsLaunchTests.swift */ = {isa = PBXFileReference; lastKnownFileType = sourcecode.swift; path = SliderQUITestsLaunchTests.swift; sourceTree = "<group>"; };
/* End PBXFileReference section */

/* Begin PBXFrameworksBuildPhase section */
		DD6F7AEB2ADC062E006C1F7F /* Frameworks */ = {
			isa = PBXFrameworksBuildPhase;
			buildActionMask = 2147483647;
			files = (
			);
			runOnlyForDeploymentPostprocessing = 0;
		};
		DD6F7B012ADC0630006C1F7F /* Frameworks */ = {
			isa = PBXFrameworksBuildPhase;
			buildActionMask = 2147483647;
			files = (
			);
			runOnlyForDeploymentPostprocessing = 0;
		};
		DD6F7B0B2ADC0630006C1F7F /* Frameworks */ = {
			isa = PBXFrameworksBuildPhase;
			buildActionMask = 2147483647;
			files = (
			);
			runOnlyForDeploymentPostprocessing = 0;
		};
/* End PBXFrameworksBuildPhase section */

/* Begin PBXGroup section */
		DD6F7AE52ADC062E006C1F7F = {
			isa = PBXGroup;
			children = (
				DD6F7AF02ADC062E006C1F7F /* SliderQ */,
				DD6F7B072ADC0630006C1F7F /* SliderQTests */,
				DD6F7B112ADC0630006C1F7F /* SliderQUITests */,
				DD6F7AEF2ADC062E006C1F7F /* Products */,
			);
			sourceTree = "<group>";
		};
		DD6F7AEF2ADC062E006C1F7F /* Products */ = {
			isa = PBXGroup;
			children = (
				DD6F7AEE2ADC062E006C1F7F /* SliderQ.app */,
				DD6F7B042ADC0630006C1F7F /* SliderQTests.xctest */,
				DD6F7B0E2ADC0630006C1F7F /* SliderQUITests.xctest */,
			);
			name = Products;
			sourceTree = "<group>";
		};
		DD6F7AF02ADC062E006C1F7F /* SliderQ */ = {
			isa = PBXGroup;
			children = (
				DD6F7AF12ADC062E006C1F7F /* AppDelegate.swift */,
				DD6F7AF32ADC062E006C1F7F /* SceneDelegate.swift */,
				DD6F7AF52ADC062E006C1F7F /* ViewController.swift */,
				DD6F7AF72ADC062E006C1F7F /* Main.storyboard */,
				DD6F7AFA2ADC0630006C1F7F /* Assets.xcassets */,
				DD6F7AFC2ADC0630006C1F7F /* LaunchScreen.storyboard */,
				DD6F7AFF2ADC0630006C1F7F /* Info.plist */,
			);
			path = SliderQ;
			sourceTree = "<group>";
		};
		DD6F7B072ADC0630006C1F7F /* SliderQTests */ = {
			isa = PBXGroup;
			children = (
				DD6F7B082ADC0630006C1F7F /* SliderQTests.swift */,
			);
			path = SliderQTests;
			sourceTree = "<group>";
		};
		DD6F7B112ADC0630006C1F7F /* SliderQUITests */ = {
			isa = PBXGroup;
			children = (
				DD6F7B122ADC0630006C1F7F /* SliderQUITests.swift */,
				DD6F7B142ADC0630006C1F7F /* SliderQUITestsLaunchTests.swift */,
			);
			path = SliderQUITests;
			sourceTree = "<group>";
		};
/* End PBXGroup section */

/* Begin PBXNativeTarget section */
		DD6F7AED2ADC062E006C1F7F /* SliderQ */ = {
			isa = PBXNativeTarget;
			buildConfigurationList = DD6F7B182ADC0630006C1F7F /* Build configuration list for PBXNativeTarget "SliderQ" */;
			buildPhases = (
				DD6F7AEA2ADC062E006C1F7F /* Sources */,
				DD6F7AEB2ADC062E006C1F7F /* Frameworks */,
				DD6F7AEC2ADC062E006C1F7F /* Resources */,
			);
			buildRules = (
			);
			dependencies = (
			);
			name = SliderQ;
			productName = SliderQ;
			productReference = DD6F7AEE2ADC062E006C1F7F /* SliderQ.app */;
			productType = "com.apple.product-type.application";
		};
		DD6F7B032ADC0630006C1F7F /* SliderQTests */ = {
			isa = PBXNativeTarget;
			buildConfigurationList = DD6F7B1B2ADC0630006C1F7F /* Build configuration list for PBXNativeTarget "SliderQTests" */;
			buildPhases = (
				DD6F7B002ADC0630006C1F7F /* Sources */,
				DD6F7B012ADC0630006C1F7F /* Frameworks */,
				DD6F7B022ADC0630006C1F7F /* Resources */,
			);
			buildRules = (
			);
			dependencies = (
				DD6F7B062ADC0630006C1F7F /* PBXTargetDependency */,
			);
			name = SliderQTests;
			productName = SliderQTests;
			productReference = DD6F7B042ADC0630006C1F7F /* SliderQTests.xctest */;
			productType = "com.apple.product-type.bundle.unit-test";
		};
		DD6F7B0D2ADC0630006C1F7F /* SliderQUITests */ = {
			isa = PBXNativeTarget;
			buildConfigurationList = DD6F7B1E2ADC0630006C1F7F /* Build configuration list for PBXNativeTarget "SliderQUITests" */;
			buildPhases = (
				DD6F7B0A2ADC0630006C1F7F /* Sources */,
				DD6F7B0B2ADC0630006C1F7F /* Frameworks */,
				DD6F7B0C2ADC0630006C1F7F /* Resources */,
			);
			buildRules = (
			);
			dependencies = (
				DD6F7B102ADC0630006C1F7F /* PBXTargetDependency */,
			);
			name = SliderQUITests;
			productName = SliderQUITests;
			productReference = DD6F7B0E2ADC0630006C1F7F /* SliderQUITests.xctest */;
			productType = "com.apple.product-type.bundle.ui-testing";
		};
/* End PBXNativeTarget section */

/* Begin PBXProject section */
		DD6F7AE62ADC062E006C1F7F /* Project object */ = {
			isa = PBXProject;
			attributes = {
				BuildIndependentTargetsInParallel = 1;
				LastSwiftUpdateCheck = 1500;
				LastUpgradeCheck = 1500;
				TargetAttributes = {
					DD6F7AED2ADC062E006C1F7F = {
						CreatedOnToolsVersion = 15.0;
					};
					DD6F7B032ADC0630006C1F7F = {
						CreatedOnToolsVersion = 15.0;
						TestTargetID = DD6F7AED2ADC062E006C1F7F;
					};
					DD6F7B0D2ADC0630006C1F7F = {
						CreatedOnToolsVersion = 15.0;
						TestTargetID = DD6F7AED2ADC062E006C1F7F;
					};
				};
			};
			buildConfigurationList = DD6F7AE92ADC062E006C1F7F /* Build configuration list for PBXProject "SliderQ" */;
			compatibilityVersion = "Xcode 14.0";
			developmentRegion = en;
			hasScannedForEncodings = 0;
			knownRegions = (
				en,
				Base,
			);
			mainGroup = DD6F7AE52ADC062E006C1F7F;
			productRefGroup = DD6F7AEF2ADC062E006C1F7F /* Products */;
			projectDirPath = "";
			projectRoot = "";
			targets = (
				DD6F7AED2ADC062E006C1F7F /* SliderQ */,
				DD6F7B032ADC0630006C1F7F /* SliderQTests */,
				DD6F7B0D2ADC0630006C1F7F /* SliderQUITests */,
			);
		};
/* End PBXProject section */

/* Begin PBXResourcesBuildPhase section */
		DD6F7AEC2ADC062E006C1F7F /* Resources */ = {
			isa = PBXResourcesBuildPhase;
			buildActionMask = 2147483647;
			files = (
				DD6F7AFE2ADC0630006C1F7F /* LaunchScreen.storyboard in Resources */,
				DD6F7AFB2ADC0630006C1F7F /* Assets.xcassets in Resources */,
				DD6F7AF92ADC062E006C1F7F /* Main.storyboard in Resources */,
			);
			runOnlyForDeploymentPostprocessing = 0;
		};
		DD6F7B022ADC0630006C1F7F /* Resources */ = {
			isa = PBXResourcesBuildPhase;
			buildActionMask = 2147483647;
			files = (
			);
			runOnlyForDeploymentPostprocessing = 0;
		};
		DD6F7B0C2ADC0630006C1F7F /* Resources */ = {
			isa = PBXResourcesBuildPhase;
			buildActionMask = 2147483647;
			files = (
			);
			runOnlyForDeploymentPostprocessing = 0;
		};
/* End PBXResourcesBuildPhase section */

/* Begin PBXSourcesBuildPhase section */
		DD6F7AEA2ADC062E006C1F7F /* Sources */ = {
			isa = PBXSourcesBuildPhase;
			buildActionMask = 2147483647;
			files = (
				DD6F7AF62ADC062E006C1F7F /* ViewController.swift in Sources */,
				DD6F7AF22ADC062E006C1F7F /* AppDelegate.swift in Sources */,
				DD6F7AF42ADC062E006C1F7F /* SceneDelegate.swift in Sources */,
			);
			runOnlyForDeploymentPostprocessing = 0;
		};
		DD6F7B002ADC0630006C1F7F /* Sources */ = {
			isa = PBXSourcesBuildPhase;
			buildActionMask = 2147483647;
			files = (
				DD6F7B092ADC0630006C1F7F /* SliderQTests.swift in Sources */,
			);
			runOnlyForDeploymentPostprocessing = 0;
		};
		DD6F7B0A2ADC0630006C1F7F /* Sources */ = {
			isa = PBXSourcesBuildPhase;
			buildActionMask = 2147483647;
			files = (
				DD6F7B132ADC0630006C1F7F /* SliderQUITests.swift in Sources */,
				DD6F7B152ADC0630006C1F7F /* SliderQUITestsLaunchTests.swift in Sources */,
			);
			runOnlyForDeploymentPostprocessing = 0;
		};
/* End PBXSourcesBuildPhase section */

/* Begin PBXTargetDependency section */
		DD6F7B062ADC0630006C1F7F /* PBXTargetDependency */ = {
			isa = PBXTargetDependency;
			target = DD6F7AED2ADC062E006C1F7F /* SliderQ */;
			targetProxy = DD6F7B052ADC0630006C1F7F /* PBXContainerItemProxy */;
		};
		DD6F7B102ADC0630006C1F7F /* PBXTargetDependency */ = {
			isa = PBXTargetDependency;
			target = DD6F7AED2ADC062E006C1F7F /* SliderQ */;
			targetProxy = DD6F7B0F2ADC0630006C1F7F /* PBXContainerItemProxy */;
		};
/* End PBXTargetDependency section */

/* Begin PBXVariantGroup section */
		DD6F7AF72ADC062E006C1F7F /* Main.storyboard */ = {
			isa = PBXVariantGroup;
			children = (
				DD6F7AF82ADC062E006C1F7F /* Base */,
			);
			name = Main.storyboard;
			sourceTree = "<group>";
		};
		DD6F7AFC2ADC0630006C1F7F /* LaunchScreen.storyboard */ = {
			isa = PBXVariantGroup;
			children = (
				DD6F7AFD2ADC0630006C1F7F /* Base */,
			);
			name = LaunchScreen.storyboard;
			sourceTree = "<group>";
		};
/* End PBXVariantGroup section */

/* Begin XCBuildConfiguration section */
		DD6F7B162ADC0630006C1F7F /* Debug */ = {
			isa = XCBuildConfiguration;
			buildSettings = {
				ALWAYS_SEARCH_USER_PATHS = NO;
				ASSETCATALOG_COMPILER_GENERATE_SWIFT_ASSET_SYMBOL_EXTENSIONS = YES;
				CLANG_ANALYZER_NONNULL = YES;
				CLANG_ANALYZER_NUMBER_OBJECT_CONVERSION = YES_AGGRESSIVE;
				CLANG_CXX_LANGUAGE_STANDARD = "gnu++20";
				CLANG_ENABLE_MODULES = YES;
				CLANG_ENABLE_OBJC_ARC = YES;
				CLANG_ENABLE_OBJC_WEAK = YES;
				CLANG_WARN_BLOCK_CAPTURE_AUTORELEASING = YES;
				CLANG_WARN_BOOL_CONVERSION = YES;
				CLANG_WARN_COMMA = YES;
				CLANG_WARN_CONSTANT_CONVERSION = YES;
				CLANG_WARN_DEPRECATED_OBJC_IMPLEMENTATIONS = YES;
				CLANG_WARN_DIRECT_OBJC_ISA_USAGE = YES_ERROR;
				CLANG_WARN_DOCUMENTATION_COMMENTS = YES;
				CLANG_WARN_EMPTY_BODY = YES;
				CLANG_WARN_ENUM_CONVERSION = YES;
				CLANG_WARN_INFINITE_RECURSION = YES;
				CLANG_WARN_INT_CONVERSION = YES;
				CLANG_WARN_NON_LITERAL_NULL_CONVERSION = YES;
				CLANG_WARN_OBJC_IMPLICIT_RETAIN_SELF = YES;
				CLANG_WARN_OBJC_LITERAL_CONVERSION = YES;
				CLANG_WARN_OBJC_ROOT_CLASS = YES_ERROR;
				CLANG_WARN_QUOTED_INCLUDE_IN_FRAMEWORK_HEADER = YES;
				CLANG_WARN_RANGE_LOOP_ANALYSIS = YES;
				CLANG_WARN_STRICT_PROTOTYPES = YES;
				CLANG_WARN_SUSPICIOUS_MOVE = YES;
				CLANG_WARN_UNGUARDED_AVAILABILITY = YES_AGGRESSIVE;
				CLANG_WARN_UNREACHABLE_CODE = YES;
				CLANG_WARN__DUPLICATE_METHOD_MATCH = YES;
				COPY_PHASE_STRIP = NO;
				DEBUG_INFORMATION_FORMAT = dwarf;
				ENABLE_STRICT_OBJC_MSGSEND = YES;
				ENABLE_TESTABILITY = YES;
				ENABLE_USER_SCRIPT_SANDBOXING = YES;
				GCC_C_LANGUAGE_STANDARD = gnu17;
				GCC_DYNAMIC_NO_PIC = NO;
				GCC_NO_COMMON_BLOCKS = YES;
				GCC_OPTIMIZATION_LEVEL = 0;
				GCC_PREPROCESSOR_DEFINITIONS = (
					"DEBUG=1",
					"$(inherited)",
				);
				GCC_WARN_64_TO_32_BIT_CONVERSION = YES;
				GCC_WARN_ABOUT_RETURN_TYPE = YES_ERROR;
				GCC_WARN_UNDECLARED_SELECTOR = YES;
				GCC_WARN_UNINITIALIZED_AUTOS = YES_AGGRESSIVE;
				GCC_WARN_UNUSED_FUNCTION = YES;
				GCC_WARN_UNUSED_VARIABLE = YES;
				IPHONEOS_DEPLOYMENT_TARGET = 17.0;
				LOCALIZATION_PREFERS_STRING_CATALOGS = YES;
				MTL_ENABLE_DEBUG_INFO = INCLUDE_SOURCE;
				MTL_FAST_MATH = YES;
				ONLY_ACTIVE_ARCH = YES;
				SDKROOT = iphoneos;
				SWIFT_ACTIVE_COMPILATION_CONDITIONS = "DEBUG $(inherited)";
				SWIFT_OPTIMIZATION_LEVEL = "-Onone";
			};
			name = Debug;
		};
		DD6F7B172ADC0630006C1F7F /* Release */ = {
			isa = XCBuildConfiguration;
			buildSettings = {
				ALWAYS_SEARCH_USER_PATHS = NO;
				ASSETCATALOG_COMPILER_GENERATE_SWIFT_ASSET_SYMBOL_EXTENSIONS = YES;
				CLANG_ANALYZER_NONNULL = YES;
				CLANG_ANALYZER_NUMBER_OBJECT_CONVERSION = YES_AGGRESSIVE;
				CLANG_CXX_LANGUAGE_STANDARD = "gnu++20";
				CLANG_ENABLE_MODULES = YES;
				CLANG_ENABLE_OBJC_ARC = YES;
				CLANG_ENABLE_OBJC_WEAK = YES;
				CLANG_WARN_BLOCK_CAPTURE_AUTORELEASING = YES;
				CLANG_WARN_BOOL_CONVERSION = YES;
				CLANG_WARN_COMMA = YES;
				CLANG_WARN_CONSTANT_CONVERSION = YES;
				CLANG_WARN_DEPRECATED_OBJC_IMPLEMENTATIONS = YES;
				CLANG_WARN_DIRECT_OBJC_ISA_USAGE = YES_ERROR;
				CLANG_WARN_DOCUMENTATION_COMMENTS = YES;
				CLANG_WARN_EMPTY_BODY = YES;
				CLANG_WARN_ENUM_CONVERSION = YES;
				CLANG_WARN_INFINITE_RECURSION = YES;
				CLANG_WARN_INT_CONVERSION = YES;
				CLANG_WARN_NON_LITERAL_NULL_CONVERSION = YES;
				CLANG_WARN_OBJC_IMPLICIT_RETAIN_SELF = YES;
				CLANG_WARN_OBJC_LITERAL_CONVERSION = YES;
				CLANG_WARN_OBJC_ROOT_CLASS = YES_ERROR;
				CLANG_WARN_QUOTED_INCLUDE_IN_FRAMEWORK_HEADER = YES;
				CLANG_WARN_RANGE_LOOP_ANALYSIS = YES;
				CLANG_WARN_STRICT_PROTOTYPES = YES;
				CLANG_WARN_SUSPICIOUS_MOVE = YES;
				CLANG_WARN_UNGUARDED_AVAILABILITY = YES_AGGRESSIVE;
				CLANG_WARN_UNREACHABLE_CODE = YES;
				CLANG_WARN__DUPLICATE_METHOD_MATCH = YES;
				COPY_PHASE_STRIP = NO;
				DEBUG_INFORMATION_FORMAT = "dwarf-with-dsym";
				ENABLE_NS_ASSERTIONS = NO;
				ENABLE_STRICT_OBJC_MSGSEND = YES;
				ENABLE_USER_SCRIPT_SANDBOXING = YES;
				GCC_C_LANGUAGE_STANDARD = gnu17;
				GCC_NO_COMMON_BLOCKS = YES;
				GCC_WARN_64_TO_32_BIT_CONVERSION = YES;
				GCC_WARN_ABOUT_RETURN_TYPE = YES_ERROR;
				GCC_WARN_UNDECLARED_SELECTOR = YES;
				GCC_WARN_UNINITIALIZED_AUTOS = YES_AGGRESSIVE;
				GCC_WARN_UNUSED_FUNCTION = YES;
				GCC_WARN_UNUSED_VARIABLE = YES;
				IPHONEOS_DEPLOYMENT_TARGET = 17.0;
				LOCALIZATION_PREFERS_STRING_CATALOGS = YES;
				MTL_ENABLE_DEBUG_INFO = NO;
				MTL_FAST_MATH = YES;
				SDKROOT = iphoneos;
				SWIFT_COMPILATION_MODE = wholemodule;
				VALIDATE_PRODUCT = YES;
			};
			name = Release;
		};
		DD6F7B192ADC0630006C1F7F /* Debug */ = {
			isa = XCBuildConfiguration;
			buildSettings = {
				ASSETCATALOG_COMPILER_APPICON_NAME = AppIcon;
				ASSETCATALOG_COMPILER_GLOBAL_ACCENT_COLOR_NAME = AccentColor;
				CODE_SIGN_STYLE = Automatic;
				CURRENT_PROJECT_VERSION = 1;
				DEVELOPMENT_TEAM = KP352U95F5;
				GENERATE_INFOPLIST_FILE = YES;
				INFOPLIST_FILE = SliderQ/Info.plist;
				INFOPLIST_KEY_UIApplicationSupportsIndirectInputEvents = YES;
				INFOPLIST_KEY_UILaunchStoryboardName = LaunchScreen;
				INFOPLIST_KEY_UIMainStoryboardFile = Main;
				INFOPLIST_KEY_UISupportedInterfaceOrientations_iPad = "UIInterfaceOrientationPortrait UIInterfaceOrientationPortraitUpsideDown UIInterfaceOrientationLandscapeLeft UIInterfaceOrientationLandscapeRight";
				INFOPLIST_KEY_UISupportedInterfaceOrientations_iPhone = "UIInterfaceOrientationPortrait UIInterfaceOrientationLandscapeLeft UIInterfaceOrientationLandscapeRight";
				LD_RUNPATH_SEARCH_PATHS = (
					"$(inherited)",
					"@executable_path/Frameworks",
				);
				MARKETING_VERSION = 1.0;
				PRODUCT_BUNDLE_IDENTIFIER = "smart-castle.Erlan.SliderQ";
				PRODUCT_NAME = "$(TARGET_NAME)";
				SWIFT_EMIT_LOC_STRINGS = YES;
				SWIFT_VERSION = 5.0;
				TARGETED_DEVICE_FAMILY = "1,2";
			};
			name = Debug;
		};
		DD6F7B1A2ADC0630006C1F7F /* Release */ = {
			isa = XCBuildConfiguration;
			buildSettings = {
				ASSETCATALOG_COMPILER_APPICON_NAME = AppIcon;
				ASSETCATALOG_COMPILER_GLOBAL_ACCENT_COLOR_NAME = AccentColor;
				CODE_SIGN_STYLE = Automatic;
				CURRENT_PROJECT_VERSION = 1;
				DEVELOPMENT_TEAM = KP352U95F5;
				GENERATE_INFOPLIST_FILE = YES;
				INFOPLIST_FILE = SliderQ/Info.plist;
				INFOPLIST_KEY_UIApplicationSupportsIndirectInputEvents = YES;
				INFOPLIST_KEY_UILaunchStoryboardName = LaunchScreen;
				INFOPLIST_KEY_UIMainStoryboardFile = Main;
				INFOPLIST_KEY_UISupportedInterfaceOrientations_iPad = "UIInterfaceOrientationPortrait UIInterfaceOrientationPortraitUpsideDown UIInterfaceOrientationLandscapeLeft UIInterfaceOrientationLandscapeRight";
				INFOPLIST_KEY_UISupportedInterfaceOrientations_iPhone = "UIInterfaceOrientationPortrait UIInterfaceOrientationLandscapeLeft UIInterfaceOrientationLandscapeRight";
				LD_RUNPATH_SEARCH_PATHS = (
					"$(inherited)",
					"@executable_path/Frameworks",
				);
				MARKETING_VERSION = 1.0;
				PRODUCT_BUNDLE_IDENTIFIER = "smart-castle.Erlan.SliderQ";
				PRODUCT_NAME = "$(TARGET_NAME)";
				SWIFT_EMIT_LOC_STRINGS = YES;
				SWIFT_VERSION = 5.0;
				TARGETED_DEVICE_FAMILY = "1,2";
			};
			name = Release;
		};
		DD6F7B1C2ADC0630006C1F7F /* Debug */ = {
			isa = XCBuildConfiguration;
			buildSettings = {
				ALWAYS_EMBED_SWIFT_STANDARD_LIBRARIES = YES;
				BUNDLE_LOADER = "$(TEST_HOST)";
				CODE_SIGN_STYLE = Automatic;
				CURRENT_PROJECT_VERSION = 1;
				DEVELOPMENT_TEAM = KP352U95F5;
				GENERATE_INFOPLIST_FILE = YES;
				IPHONEOS_DEPLOYMENT_TARGET = 17.0;
				MARKETING_VERSION = 1.0;
				PRODUCT_BUNDLE_IDENTIFIER = "smart-castle.Erlan.SliderQTests";
				PRODUCT_NAME = "$(TARGET_NAME)";
				SWIFT_EMIT_LOC_STRINGS = NO;
				SWIFT_VERSION = 5.0;
				TARGETED_DEVICE_FAMILY = "1,2";
				TEST_HOST = "$(BUILT_PRODUCTS_DIR)/SliderQ.app/$(BUNDLE_EXECUTABLE_FOLDER_PATH)/SliderQ";
			};
			name = Debug;
		};
		DD6F7B1D2ADC0630006C1F7F /* Release */ = {
			isa = XCBuildConfiguration;
			buildSettings = {
				ALWAYS_EMBED_SWIFT_STANDARD_LIBRARIES = YES;
				BUNDLE_LOADER = "$(TEST_HOST)";
				CODE_SIGN_STYLE = Automatic;
				CURRENT_PROJECT_VERSION = 1;
				DEVELOPMENT_TEAM = KP352U95F5;
				GENERATE_INFOPLIST_FILE = YES;
				IPHONEOS_DEPLOYMENT_TARGET = 17.0;
				MARKETING_VERSION = 1.0;
				PRODUCT_BUNDLE_IDENTIFIER = "smart-castle.Erlan.SliderQTests";
				PRODUCT_NAME = "$(TARGET_NAME)";
				SWIFT_EMIT_LOC_STRINGS = NO;
				SWIFT_VERSION = 5.0;
				TARGETED_DEVICE_FAMILY = "1,2";
				TEST_HOST = "$(BUILT_PRODUCTS_DIR)/SliderQ.app/$(BUNDLE_EXECUTABLE_FOLDER_PATH)/SliderQ";
			};
			name = Release;
		};
		DD6F7B1F2ADC0630006C1F7F /* Debug */ = {
			isa = XCBuildConfiguration;
			buildSettings = {
				ALWAYS_EMBED_SWIFT_STANDARD_LIBRARIES = YES;
				CODE_SIGN_STYLE = Automatic;
				CURRENT_PROJECT_VERSION = 1;
				DEVELOPMENT_TEAM = KP352U95F5;
				GENERATE_INFOPLIST_FILE = YES;
				MARKETING_VERSION = 1.0;
				PRODUCT_BUNDLE_IDENTIFIER = "smart-castle.Erlan.SliderQUITests";
				PRODUCT_NAME = "$(TARGET_NAME)";
				SWIFT_EMIT_LOC_STRINGS = NO;
				SWIFT_VERSION = 5.0;
				TARGETED_DEVICE_FAMILY = "1,2";
				TEST_TARGET_NAME = SliderQ;
			};
			name = Debug;
		};
		DD6F7B202ADC0630006C1F7F /* Release */ = {
			isa = XCBuildConfiguration;
			buildSettings = {
				ALWAYS_EMBED_SWIFT_STANDARD_LIBRARIES = YES;
				CODE_SIGN_STYLE = Automatic;
				CURRENT_PROJECT_VERSION = 1;
				DEVELOPMENT_TEAM = KP352U95F5;
				GENERATE_INFOPLIST_FILE = YES;
				MARKETING_VERSION = 1.0;
				PRODUCT_BUNDLE_IDENTIFIER = "smart-castle.Erlan.SliderQUITests";
				PRODUCT_NAME = "$(TARGET_NAME)";
				SWIFT_EMIT_LOC_STRINGS = NO;
				SWIFT_VERSION = 5.0;
				TARGETED_DEVICE_FAMILY = "1,2";
				TEST_TARGET_NAME = SliderQ;
			};
			name = Release;
		};
/* End XCBuildConfiguration section */

/* Begin XCConfigurationList section */
		DD6F7AE92ADC062E006C1F7F /* Build configuration list for PBXProject "SliderQ" */ = {
			isa = XCConfigurationList;
			buildConfigurations = (
				DD6F7B162ADC0630006C1F7F /* Debug */,
				DD6F7B172ADC0630006C1F7F /* Release */,
			);
			defaultConfigurationIsVisible = 0;
			defaultConfigurationName = Release;
		};
		DD6F7B182ADC0630006C1F7F /* Build configuration list for PBXNativeTarget "SliderQ" */ = {
			isa = XCConfigurationList;
			buildConfigurations = (
				DD6F7B192ADC0630006C1F7F /* Debug */,
				DD6F7B1A2ADC0630006C1F7F /* Release */,
			);
			defaultConfigurationIsVisible = 0;
			defaultConfigurationName = Release;
		};
		DD6F7B1B2ADC0630006C1F7F /* Build configuration list for PBXNativeTarget "SliderQTests" */ = {
			isa = XCConfigurationList;
			buildConfigurations = (
				DD6F7B1C2ADC0630006C1F7F /* Debug */,
				DD6F7B1D2ADC0630006C1F7F /* Release */,
			);
			defaultConfigurationIsVisible = 0;
			defaultConfigurationName = Release;
		};
		DD6F7B1E2ADC0630006C1F7F /* Build configuration list for PBXNativeTarget "SliderQUITests" */ = {
			isa = XCConfigurationList;
			buildConfigurations = (
				DD6F7B1F2ADC0630006C1F7F /* Debug */,
				DD6F7B202ADC0630006C1F7F /* Release */,
			);
			defaultConfigurationIsVisible = 0;
			defaultConfigurationName = Release;
		};
/* End XCConfigurationList section */
	};
	rootObject = DD6F7AE62ADC062E006C1F7F /* Project object */;
}
